dependencies:
  espressif/eppp_link:
    component_hash: 9472e6825f4bb71eca2b39cf1bc92659c1ac60bfd7416560ad033a7dd8641b17
    dependencies:
    - name: espressif/esp_serial_slave_link
      registry_url: https://components.espressif.com
      require: private
      version: ^1.1.0
    - name: idf
      require: private
      version: '>=5.2'
    source:
      registry_url: https://components.espressif.com
      type: service
    version: 1.1.4
  espressif/esp_hosted:
    component_hash: b6422e810fe97acd87ac184f7da1653e69e885fd209e13c5b1ae20c5787d914d
    dependencies:
    - name: idf
      require: private
      version: '>=5.3'
    source:
      registry_url: https://components.espressif.com/
      type: service
    version: 2.11.1
  espressif/esp_serial_slave_link:
    component_hash: ac1776806de0a6e371c84e87898bb983e19ce62aa7f1e2e5c4a3b0234a575d2c
    dependencies:
    - name: idf
      require: private
      version: '>=5.0'
    source:
      registry_url: https://components.espressif.com
      type: service
    version: 1.1.2
  espressif/esp_wifi_remote:
    component_hash: e5cb66acbf9b3e115dab6b8e1262a5473e7de6e4106d32a2a8ca7384bd21fc00
    dependencies:
    - name: espressif/esp_hosted
      registry_url: https://components.espressif.com
      require: private
      rules:
      - if: target in [esp32h2, esp32p4]
      version: '>=2.11'
    - name: espressif/wifi_remote_over_eppp
      registry_url: https://components.espressif.com
      require: private
      version: '>=0.1'
    - name: idf
      require: private
      version: '>=5.3'
    source:
      registry_url: https://components.espressif.com/
      type: service
    version: 1.3.1
  espressif/wifi_remote_over_eppp:
    component_hash: e1b4c485ed5afe36615b9b555dfdcbe4be33898dc3732b5bedf235bba45bd286
    dependencies:
    - name: espressif/eppp_link
      registry_url: https://components.espressif.com
      require: private
      version: '>=0.1'
    - name: idf
      require: private
      version: '>=5.3'
    source:
      registry_url: https://components.espressif.com
      type: service
    version: 0.3.0
  idf:
    source:
      type: idf
    version: 5.5.2
direct_dependencies:
- espressif/esp_hosted
- espressif/esp_wifi_remote
manifest_hash: 8e118751b2a993903f44d33c422986f8be600d10e60576ededd1117a9fe85ebd
target: esp32p4
version: 2.0.0
